Microsoft Visual Studio Solution File, Format Version 12.00
# Visual Studio 15
VisualStudioVersion = 15.0.27703.2000
MinimumVisualStudioVersion = 10.0.40219.1
Project("{9A19103F-16F7-4668-BE54-9A1E7A4F7556}") = "ML-GDP", "ML-GDP\ML-GDP.csproj", "{677D54FD-5EF4-4649-9D9E-1815020309FB}"
EndProject
Global
	GlobalSection(SolutionConfigurationPlatforms) = preSolution
		Debug|Any CPU = Debug|Any CPU
		Release|Any CPU = Release|Any CPU
	EndGlobalSection
	GlobalSection(ProjectConfigurationPlatforms) = postSolution
		{677D54FD-5EF4-4649-9D9E-1815020309FB}.Debug|Any CPU.ActiveCfg = Debug|Any CPU
		{677D54FD-5EF4-4649-9D9E-1815020309FB}.Debug|Any CPU.Build.0 = Debug|Any CPU
		{677D54FD-5EF4-4649-9D9E-1815020309FB}.Release|Any CPU.ActiveCfg = Release|Any CPU
		{677D54FD-5EF4-4649-9D9E-1815020309FB}.Release|Any CPU.Build.0 = Release|Any CPU
	EndGlobalSection
	GlobalSection(SolutionProperties) = preSolution
		HideSolutionNode = FALSE
	EndGlobalSection
	GlobalSection(ExtensibilityGlobals) = postSolution
		SolutionGuid = {8EC51910-7059-4813-8AB3-13815795A093}
	EndGlobalSection
EndGlobal
